
Microsoft Visual Studio Solution File, Format Version 12.00
# Visual Studio Version 16
VisualStudioVersion = 16.0.31129.286
MinimumVisualStudioVersion = 10.0.40219.1
Project("{FAE04EC0-301F-11D3-BF4B-00C04F79EFBC}") = "CSharp.DesignPatterns.Creational.FactoryMethod", "CSharp.DesignPatterns.Creational.FactoryMethod\CSharp.DesignPatterns.Creational.FactoryMethod.csproj", "{965F139D-74F1-4A8A-A4C9-5FED19C9CAD9}"
EndProject
Project("{FAE04EC0-301F-11D3-BF4B-00C04F79EFBC}") = "Models", "Models\Models.csproj", "{DACB436F-5046-468D-BBFF-13ACD233700F}"
EndProject
Global
	GlobalSection(SolutionConfigurationPlatforms) = preSolution
		Debug|Any CPU = Debug|Any CPU
		Release|Any CPU = Release|Any CPU
	EndGlobalSection
	GlobalSection(ProjectConfigurationPlatforms) = postSolution
		{965F139D-74F1-4A8A-A4C9-5FED19C9CAD9}.Debug|Any CPU.ActiveCfg = Debug|Any CPU
		{965F139D-74F1-4A8A-A4C9-5FED19C9CAD9}.Debug|Any CPU.Build.0 = Debug|Any CPU
		{965F139D-74F1-4A8A-A4C9-5FED19C9CAD9}.Release|Any CPU.ActiveCfg = Release|Any CPU
		{965F139D-74F1-4A8A-A4C9-5FED19C9CAD9}.Release|Any CPU.Build.0 = Release|Any CPU
		{DACB436F-5046-468D-BBFF-13ACD233700F}.Debug|Any CPU.ActiveCfg = Debug|Any CPU
		{DACB436F-5046-468D-BBFF-13ACD233700F}.Debug|Any CPU.Build.0 = Debug|Any CPU
		{DACB436F-5046-468D-BBFF-13ACD233700F}.Release|Any CPU.ActiveCfg = Release|Any CPU
		{DACB436F-5046-468D-BBFF-13ACD233700F}.Release|Any CPU.Build.0 = Release|Any CPU
	EndGlobalSection
	GlobalSection(SolutionProperties) = preSolution
		HideSolutionNode = FALSE
	EndGlobalSection
	GlobalSection(ExtensibilityGlobals) = postSolution
		SolutionGuid = {F6D0F393-866A-4208-B0B7-5F7C530861B2}
	EndGlobalSection
EndGlobal
